// !$*UTF8*$!
{
	archiveVersion = 1;
	classes = {
	};
	objectVersion = 50;
	objects = {

/* Begin PBXBuildFile section */
		4C57BF73256F54120033E319 /* AppDelegate.m in Sources */ = {isa = PBXBuildFile; fileRef = 4C57BF72256F54120033E319 /* AppDelegate.m */; };
		4C57BF76256F54120033E319 /* SceneDelegate.m in Sources */ = {isa = PBXBuildFile; fileRef = 4C57BF75256F54120033E319 /* SceneDelegate.m */; };
		4C57BF79256F54120033E319 /* ViewController.m in Sources */ = {isa = PBXBuildFile; fileRef = 4C57BF78256F54120033E319 /* ViewController.m */; };
		4C57BF7C256F54120033E319 /* Main.storyboard in Resources */ = {isa = PBXBuildFile; fileRef = 4C57BF7A256F54120033E319 /* Main.storyboard */; };
		4C57BF7E256F54140033E319 /* Assets.xcassets in Resources */ = {isa = PBXBuildFile; fileRef = 4C57BF7D256F54140033E319 /* Assets.xcassets */; };
		4C57BF81256F54140033E319 /* LaunchScreen.storyboard in Resources */ = {isa = PBXBuildFile; fileRef = 4C57BF7F256F54140033E319 /* LaunchScreen.storyboard */; };
		4C57BF84256F54140033E319 /* main.m in Sources */ = {isa = PBXBuildFile; fileRef = 4C57BF83256F54140033E319 /* main.m */; };
		4C57BF8E256F54150033E319 /* WDJPEGEncoderTests.m in Sources */ = {isa = PBXBuildFile; fileRef = 4C57BF8D256F54150033E319 /* WDJPEGEncoderTests.m */; };
		4C57BF99256F54150033E319 /* WDJPEGEncoderUITests.m in Sources */ = {isa = PBXBuildFile; fileRef = 4C57BF98256F54150033E319 /* WDJPEGEncoderUITests.m */; };
		4CBD438F257492C0004A80DE /* WDJpegEncoder.mm in Sources */ = {isa = PBXBuildFile; fileRef = 4CBD438E257492C0004A80DE /* WDJpegEncoder.mm */; };
/* End PBXBuildFile section */

/* Begin PBXContainerItemProxy section */
		4C57BF8A256F54150033E319 /* PBXContainerItemProxy */ = {
			isa = PBXContainerItemProxy;
			containerPortal = 4C57BF66256F54120033E319 /* Project object */;
			proxyType = 1;
			remoteGlobalIDString = 4C57BF6D256F54120033E319;
			remoteInfo = WDJPEGEncoder;
		};
		4C57BF95256F54150033E319 /* PBXContainerItemProxy */ = {
			isa = PBXContainerItemProxy;
			containerPortal = 4C57BF66256F54120033E319 /* Project object */;
			proxyType = 1;
			remoteGlobalIDString = 4C57BF6D256F54120033E319;
			remoteInfo = WDJPEGEncoder;
		};
/* End PBXContainerItemProxy section */

/* Begin PBXFileReference section */
		4C57BF6E256F54120033E319 /* WDJPEGEncoder.app */ = {isa = PBXFileReference; explicitFileType = wrapper.application; includeInIndex = 0; path = WDJPEGEncoder.app; sourceTree = BUILT_PRODUCTS_DIR; };
		4C57BF71256F54120033E319 /* AppDelegate.h */ = {isa = PBXFileReference; lastKnownFileType = sourcecode.c.h; path = AppDelegate.h; sourceTree = "<group>"; };
		4C57BF72256F54120033E319 /* AppDelegate.m */ = {isa = PBXFileReference; lastKnownFileType = sourcecode.c.objc; path = AppDelegate.m; sourceTree = "<group>"; };
		4C57BF74256F54120033E319 /* SceneDelegate.h */ = {isa = PBXFileReference; lastKnownFileType = sourcecode.c.h; path = SceneDelegate.h; sourceTree = "<group>"; };
		4C57BF75256F54120033E319 /* SceneDelegate.m */ = {isa = PBXFileReference; lastKnownFileType = sourcecode.c.objc; path = SceneDelegate.m; sourceTree = "<group>"; };
		4C57BF77256F54120033E319 /* ViewController.h */ = {isa = PBXFileReference; lastKnownFileType = sourcecode.c.h; path = ViewController.h; sourceTree = "<group>"; };
		4C57BF78256F54120033E319 /* ViewController.m */ = {isa = PBXFileReference; lastKnownFileType = sourcecode.c.objc; path = ViewController.m; sourceTree = "<group>"; };
		4C57BF7B256F54120033E319 /* Base */ = {isa = PBXFileReference; lastKnownFileType = file.storyboard; name = Base; path = Base.lproj/Main.storyboard; sourceTree = "<group>"; };
		4C57BF7D256F54140033E319 /* Assets.xcassets */ = {isa = PBXFileReference; lastKnownFileType = folder.assetcatalog; path = Assets.xcassets; sourceTree = "<group>"; };
		4C57BF80256F54140033E319 /* Base */ = {isa = PBXFileReference; lastKnownFileType = file.storyboard; name = Base; path = Base.lproj/LaunchScreen.storyboard; sourceTree = "<group>"; };
		4C57BF82256F54140033E319 /* Info.plist */ = {isa = PBXFileReference; lastKnownFileType = text.plist.xml; path = Info.plist; sourceTree = "<group>"; };
		4C57BF83256F54140033E319 /* main.m */ = {isa = PBXFileReference; lastKnownFileType = sourcecode.c.objc; path = main.m; sourceTree = "<group>"; };
		4C57BF89256F54150033E319 /* WDJPEGEncoderTests.xctest */ = {isa = PBXFileReference; explicitFileType = wrapper.cfbundle; includeInIndex = 0; path = WDJPEGEncoderTests.xctest; sourceTree = BUILT_PRODUCTS_DIR; };
		4C57BF8D256F54150033E319 /* WDJPEGEncoderTests.m */ = {isa = PBXFileReference; lastKnownFileType = sourcecode.c.objc; path = WDJPEGEncoderTests.m; sourceTree = "<group>"; };
		4C57BF8F256F54150033E319 /* Info.plist */ = {isa = PBXFileReference; lastKnownFileType = text.plist.xml; path = Info.plist; sourceTree = "<group>"; };
		4C57BF94256F54150033E319 /* WDJPEGEncoderUITests.xctest */ = {isa = PBXFileReference; explicitFileType = wrapper.cfbundle; includeInIndex = 0; path = WDJPEGEncoderUITests.xctest; sourceTree = BUILT_PRODUCTS_DIR; };
		4C57BF98256F54150033E319 /* WDJPEGEncoderUITests.m */ = {isa = PBXFileReference; lastKnownFileType = sourcecode.c.objc; path = WDJPEGEncoderUITests.m; sourceTree = "<group>"; };
		4C57BF9A256F54150033E319 /* Info.plist */ = {isa = PBXFileReference; lastKnownFileType = text.plist.xml; path = Info.plist; sourceTree = "<group>"; };
		4C57BFBE256F5A5C0033E319 /* WDJpegEncoder.h */ = {isa = PBXFileReference; fileEncoding = 4; lastKnownFileType = sourcecode.c.h; path = WDJpegEncoder.h; sourceTree = "<group>"; };
		4CBD438E257492C0004A80DE /* WDJpegEncoder.mm */ = {isa = PBXFileReference; fileEncoding = 4; lastKnownFileType = sourcecode.cpp.objcpp; path = WDJpegEncoder.mm; sourceTree = "<group>"; };
/* End PBXFileReference section */

/* Begin PBXFrameworksBuildPhase section */
		4C57BF6B256F54120033E319 /* Frameworks */ = {
			isa = PBXFrameworksBuildPhase;
			buildActionMask = 2147483647;
			files = (
			);
			runOnlyForDeploymentPostprocessing = 0;
		};
		4C57BF86256F54150033E319 /* Frameworks */ = {
			isa = PBXFrameworksBuildPhase;
			buildActionMask = 2147483647;
			files = (
			);
			runOnlyForDeploymentPostprocessing = 0;
		};
		4C57BF91256F54150033E319 /* Frameworks */ = {
			isa = PBXFrameworksBuildPhase;
			buildActionMask = 2147483647;
			files = (
			);
			runOnlyForDeploymentPostprocessing = 0;
		};
/* End PBXFrameworksBuildPhase section */

/* Begin PBXGroup section */
		4C57BF65256F54120033E319 = {
			isa = PBXGroup;
			children = (
				4C57BF70256F54120033E319 /* WDJPEGEncoder */,
				4C57BF8C256F54150033E319 /* WDJPEGEncoderTests */,
				4C57BF97256F54150033E319 /* WDJPEGEncoderUITests */,
				4C57BF6F256F54120033E319 /* Products */,
			);
			sourceTree = "<group>";
		};
		4C57BF6F256F54120033E319 /* Products */ = {
			isa = PBXGroup;
			children = (
				4C57BF6E256F54120033E319 /* WDJPEGEncoder.app */,
				4C57BF89256F54150033E319 /* WDJPEGEncoderTests.xctest */,
				4C57BF94256F54150033E319 /* WDJPEGEncoderUITests.xctest */,
			);
			name = Products;
			sourceTree = "<group>";
		};
		4C57BF70256F54120033E319 /* WDJPEGEncoder */ = {
			isa = PBXGroup;
			children = (
				4C57BFBE256F5A5C0033E319 /* WDJpegEncoder.h */,
				4CBD438E257492C0004A80DE /* WDJpegEncoder.mm */,
				4C57BF71256F54120033E319 /* AppDelegate.h */,
				4C57BF72256F54120033E319 /* AppDelegate.m */,
				4C57BF74256F54120033E319 /* SceneDelegate.h */,
				4C57BF75256F54120033E319 /* SceneDelegate.m */,
				4C57BF77256F54120033E319 /* ViewController.h */,
				4C57BF78256F54120033E319 /* ViewController.m */,
				4C57BF7A256F54120033E319 /* Main.storyboard */,
				4C57BF7D256F54140033E319 /* Assets.xcassets */,
				4C57BF7F256F54140033E319 /* LaunchScreen.storyboard */,
				4C57BF82256F54140033E319 /* Info.plist */,
				4C57BF83256F54140033E319 /* main.m */,
			);
			path = WDJPEGEncoder;
			sourceTree = "<group>";
		};
		4C57BF8C256F54150033E319 /* WDJPEGEncoderTests */ = {
			isa = PBXGroup;
			children = (
				4C57BF8D256F54150033E319 /* WDJPEGEncoderTests.m */,
				4C57BF8F256F54150033E319 /* Info.plist */,
			);
			path = WDJPEGEncoderTests;
			sourceTree = "<group>";
		};
		4C57BF97256F54150033E319 /* WDJPEGEncoderUITests */ = {
			isa = PBXGroup;
			children = (
				4C57BF98256F54150033E319 /* WDJPEGEncoderUITests.m */,
				4C57BF9A256F54150033E319 /* Info.plist */,
			);
			path = WDJPEGEncoderUITests;
			sourceTree = "<group>";
		};
/* End PBXGroup section */

/* Begin PBXNativeTarget section */
		4C57BF6D256F54120033E319 /* WDJPEGEncoder */ = {
			isa = PBXNativeTarget;
			buildConfigurationList = 4C57BF9D256F54150033E319 /* Build configuration list for PBXNativeTarget "WDJPEGEncoder" */;
			buildPhases = (
				4C57BF6A256F54120033E319 /* Sources */,
				4C57BF6B256F54120033E319 /* Frameworks */,
				4C57BF6C256F54120033E319 /* Resources */,
			);
			buildRules = (
			);
			dependencies = (
			);
			name = WDJPEGEncoder;
			productName = WDJPEGEncoder;
			productReference = 4C57BF6E256F54120033E319 /* WDJPEGEncoder.app */;
			productType = "com.apple.product-type.application";
		};
		4C57BF88256F54150033E319 /* WDJPEGEncoderTests */ = {
			isa = PBXNativeTarget;
			buildConfigurationList = 4C57BFA0256F54150033E319 /* Build configuration list for PBXNativeTarget "WDJPEGEncoderTests" */;
			buildPhases = (
				4C57BF85256F54150033E319 /* Sources */,
				4C57BF86256F54150033E319 /* Frameworks */,
				4C57BF87256F54150033E319 /* Resources */,
			);
			buildRules = (
			);
			dependencies = (
				4C57BF8B256F54150033E319 /* PBXTargetDependency */,
			);
			name = WDJPEGEncoderTests;
			productName = WDJPEGEncoderTests;
			productReference = 4C57BF89256F54150033E319 /* WDJPEGEncoderTests.xctest */;
			productType = "com.apple.product-type.bundle.unit-test";
		};
		4C57BF93256F54150033E319 /* WDJPEGEncoderUITests */ = {
			isa = PBXNativeTarget;
			buildConfigurationList = 4C57BFA3256F54150033E319 /* Build configuration list for PBXNativeTarget "WDJPEGEncoderUITests" */;
			buildPhases = (
				4C57BF90256F54150033E319 /* Sources */,
				4C57BF91256F54150033E319 /* Frameworks */,
				4C57BF92256F54150033E319 /* Resources */,
			);
			buildRules = (
			);
			dependencies = (
				4C57BF96256F54150033E319 /* PBXTargetDependency */,
			);
			name = WDJPEGEncoderUITests;
			productName = WDJPEGEncoderUITests;
			productReference = 4C57BF94256F54150033E319 /* WDJPEGEncoderUITests.xctest */;
			productType = "com.apple.product-type.bundle.ui-testing";
		};
/* End PBXNativeTarget section */

/* Begin PBXProject section */
		4C57BF66256F54120033E319 /* Project object */ = {
			isa = PBXProject;
			attributes = {
				LastUpgradeCheck = 1210;
				TargetAttributes = {
					4C57BF6D256F54120033E319 = {
						CreatedOnToolsVersion = 12.1;
					};
					4C57BF88256F54150033E319 = {
						CreatedOnToolsVersion = 12.1;
						TestTargetID = 4C57BF6D256F54120033E319;
					};
					4C57BF93256F54150033E319 = {
						CreatedOnToolsVersion = 12.1;
						TestTargetID = 4C57BF6D256F54120033E319;
					};
				};
			};
			buildConfigurationList = 4C57BF69256F54120033E319 /* Build configuration list for PBXProject "WDJPEGEncoder" */;
			compatibilityVersion = "Xcode 9.3";
			developmentRegion = en;
			hasScannedForEncodings = 0;
			knownRegions = (
				en,
				Base,
			);
			mainGroup = 4C57BF65256F54120033E319;
			productRefGroup = 4C57BF6F256F54120033E319 /* Products */;
			projectDirPath = "";
			projectRoot = "";
			targets = (
				4C57BF6D256F54120033E319 /* WDJPEGEncoder */,
				4C57BF88256F54150033E319 /* WDJPEGEncoderTests */,
				4C57BF93256F54150033E319 /* WDJPEGEncoderUITests */,
			);
		};
/* End PBXProject section */

/* Begin PBXResourcesBuildPhase section */
		4C57BF6C256F54120033E319 /* Resources */ = {
			isa = PBXResourcesBuildPhase;
			buildActionMask = 2147483647;
			files = (
				4C57BF81256F54140033E319 /* LaunchScreen.storyboard in Resources */,
				4C57BF7E256F54140033E319 /* Assets.xcassets in Resources */,
				4C57BF7C256F54120033E319 /* Main.storyboard in Resources */,
			);
			runOnlyForDeploymentPostprocessing = 0;
		};
		4C57BF87256F54150033E319 /* Resources */ = {
			isa = PBXResourcesBuildPhase;
			buildActionMask = 2147483647;
			files = (
			);
			runOnlyForDeploymentPostprocessing = 0;
		};
		4C57BF92256F54150033E319 /* Resources */ = {
			isa = PBXResourcesBuildPhase;
			buildActionMask = 2147483647;
			files = (
			);
			runOnlyForDeploymentPostprocessing = 0;
		};
/* End PBXResourcesBuildPhase section */

/* Begin PBXSourcesBuildPhase section */
		4C57BF6A256F54120033E319 /* Sources */ = {
			isa = PBXSourcesBuildPhase;
			buildActionMask = 2147483647;
			files = (
				4C57BF79256F54120033E319 /* ViewController.m in Sources */,
				4CBD438F257492C0004A80DE /* WDJpegEncoder.mm in Sources */,
				4C57BF73256F54120033E319 /* AppDelegate.m in Sources */,
				4C57BF84256F54140033E319 /* main.m in Sources */,
				4C57BF76256F54120033E319 /* SceneDelegate.m in Sources */,
			);
			runOnlyForDeploymentPostprocessing = 0;
		};
		4C57BF85256F54150033E319 /* Sources */ = {
			isa = PBXSourcesBuildPhase;
			buildActionMask = 2147483647;
			files = (
				4C57BF8E256F54150033E319 /* WDJPEGEncoderTests.m in Sources */,
			);
			runOnlyForDeploymentPostprocessing = 0;
		};
		4C57BF90256F54150033E319 /* Sources */ = {
			isa = PBXSourcesBuildPhase;
			buildActionMask = 2147483647;
			files = (
				4C57BF99256F54150033E319 /* WDJPEGEncoderUITests.m in Sources */,
			);
			runOnlyForDeploymentPostprocessing = 0;
		};
/* End PBXSourcesBuildPhase section */

/* Begin PBXTargetDependency section */
		4C57BF8B256F54150033E319 /* PBXTargetDependency */ = {
			isa = PBXTargetDependency;
			target = 4C57BF6D256F54120033E319 /* WDJPEGEncoder */;
			targetProxy = 4C57BF8A256F54150033E319 /* PBXContainerItemProxy */;
		};
		4C57BF96256F54150033E319 /* PBXTargetDependency */ = {
			isa = PBXTargetDependency;
			target = 4C57BF6D256F54120033E319 /* WDJPEGEncoder */;
			targetProxy = 4C57BF95256F54150033E319 /* PBXContainerItemProxy */;
		};
/* End PBXTargetDependency section */

/* Begin PBXVariantGroup section */
		4C57BF7A256F54120033E319 /* Main.storyboard */ = {
			isa = PBXVariantGroup;
			children = (
				4C57BF7B256F54120033E319 /* Base */,
			);
			name = Main.storyboard;
			sourceTree = "<group>";
		};
		4C57BF7F256F54140033E319 /* LaunchScreen.storyboard */ = {
			isa = PBXVariantGroup;
			children = (
				4C57BF80256F54140033E319 /* Base */,
			);
			name = LaunchScreen.storyboard;
			sourceTree = "<group>";
		};
/* End PBXVariantGroup section */

/* Begin XCBuildConfiguration section */
		4C57BF9B256F54150033E319 /* Debug */ = {
			isa = XCBuildConfiguration;
			buildSettings = {
				ALWAYS_SEARCH_USER_PATHS = NO;
				CLANG_ANALYZER_NONNULL = YES;
				CLANG_ANALYZER_NUMBER_OBJECT_CONVERSION = YES_AGGRESSIVE;
				CLANG_CXX_LANGUAGE_STANDARD = "gnu++14";
				CLANG_CXX_LIBRARY = "libc++";
				CLANG_ENABLE_MODULES = YES;
				CLANG_ENABLE_OBJC_ARC = YES;
				CLANG_ENABLE_OBJC_WEAK = YES;
				CLANG_WARN_BLOCK_CAPTURE_AUTORELEASING = YES;
				CLANG_WARN_BOOL_CONVERSION = YES;
				CLANG_WARN_COMMA = YES;
				CLANG_WARN_CONSTANT_CONVERSION = YES;
				CLANG_WARN_DEPRECATED_OBJC_IMPLEMENTATIONS = YES;
				CLANG_WARN_DIRECT_OBJC_ISA_USAGE = YES_ERROR;
				CLANG_WARN_DOCUMENTATION_COMMENTS = YES;
				CLANG_WARN_EMPTY_BODY = YES;
				CLANG_WARN_ENUM_CONVERSION = YES;
				CLANG_WARN_INFINITE_RECURSION = YES;
				CLANG_WARN_INT_CONVERSION = YES;
				CLANG_WARN_NON_LITERAL_NULL_CONVERSION = YES;
				CLANG_WARN_OBJC_IMPLICIT_RETAIN_SELF = YES;
				CLANG_WARN_OBJC_LITERAL_CONVERSION = YES;
				CLANG_WARN_OBJC_ROOT_CLASS = YES_ERROR;
				CLANG_WARN_QUOTED_INCLUDE_IN_FRAMEWORK_HEADER = YES;
				CLANG_WARN_RANGE_LOOP_ANALYSIS = YES;
				CLANG_WARN_STRICT_PROTOTYPES = YES;
				CLANG_WARN_SUSPICIOUS_MOVE = YES;
				CLANG_WARN_UNGUARDED_AVAILABILITY = YES_AGGRESSIVE;
				CLANG_WARN_UNREACHABLE_CODE = YES;
				CLANG_WARN__DUPLICATE_METHOD_MATCH = YES;
				COPY_PHASE_STRIP = NO;
				DEBUG_INFORMATION_FORMAT = dwarf;
				ENABLE_STRICT_OBJC_MSGSEND = YES;
				ENABLE_TESTABILITY = YES;
				GCC_C_LANGUAGE_STANDARD = gnu11;
				GCC_DYNAMIC_NO_PIC = NO;
				GCC_NO_COMMON_BLOCKS = YES;
				GCC_OPTIMIZATION_LEVEL = 0;
				GCC_PREPROCESSOR_DEFINITIONS = (
					"DEBUG=1",
					"$(inherited)",
				);
				GCC_WARN_64_TO_32_BIT_CONVERSION = YES;
				GCC_WARN_ABOUT_RETURN_TYPE = YES_ERROR;
				GCC_WARN_UNDECLARED_SELECTOR = YES;
				GCC_WARN_UNINITIALIZED_AUTOS = YES_AGGRESSIVE;
				GCC_WARN_UNUSED_FUNCTION = YES;
				GCC_WARN_UNUSED_VARIABLE = YES;
				IPHONEOS_DEPLOYMENT_TARGET = 14.1;
				MTL_ENABLE_DEBUG_INFO = INCLUDE_SOURCE;
				MTL_FAST_MATH = YES;
				ONLY_ACTIVE_ARCH = YES;
				SDKROOT = iphoneos;
			};
			name = Debug;
		};
		4C57BF9C256F54150033E319 /* Release */ = {
			isa = XCBuildConfiguration;
			buildSettings = {
				ALWAYS_SEARCH_USER_PATHS = NO;
				CLANG_ANALYZER_NONNULL = YES;
				CLANG_ANALYZER_NUMBER_OBJECT_CONVERSION = YES_AGGRESSIVE;
				CLANG_CXX_LANGUAGE_STANDARD = "gnu++14";
				CLANG_CXX_LIBRARY = "libc++";
				CLANG_ENABLE_MODULES = YES;
				CLANG_ENABLE_OBJC_ARC = YES;
				CLANG_ENABLE_OBJC_WEAK = YES;
				CLANG_WARN_BLOCK_CAPTURE_AUTORELEASING = YES;
				CLANG_WARN_BOOL_CONVERSION = YES;
				CLANG_WARN_COMMA = YES;
				CLANG_WARN_CONSTANT_CONVERSION = YES;
				CLANG_WARN_DEPRECATED_OBJC_IMPLEMENTATIONS = YES;
				CLANG_WARN_DIRECT_OBJC_ISA_USAGE = YES_ERROR;
				CLANG_WARN_DOCUMENTATION_COMMENTS = YES;
				CLANG_WARN_EMPTY_BODY = YES;
				CLANG_WARN_ENUM_CONVERSION = YES;
				CLANG_WARN_INFINITE_RECURSION = YES;
				CLANG_WARN_INT_CONVERSION = YES;
				CLANG_WARN_NON_LITERAL_NULL_CONVERSION = YES;
				CLANG_WARN_OBJC_IMPLICIT_RETAIN_SELF = YES;
				CLANG_WARN_OBJC_LITERAL_CONVERSION = YES;
				CLANG_WARN_OBJC_ROOT_CLASS = YES_ERROR;
				CLANG_WARN_QUOTED_INCLUDE_IN_FRAMEWORK_HEADER = YES;
				CLANG_WARN_RANGE_LOOP_ANALYSIS = YES;
				CLANG_WARN_STRICT_PROTOTYPES = YES;
				CLANG_WARN_SUSPICIOUS_MOVE = YES;
				CLANG_WARN_UNGUARDED_AVAILABILITY = YES_AGGRESSIVE;
				CLANG_WARN_UNREACHABLE_CODE = YES;
				CLANG_WARN__DUPLICATE_METHOD_MATCH = YES;
				COPY_PHASE_STRIP = NO;
				DEBUG_INFORMATION_FORMAT = "dwarf-with-dsym";
				ENABLE_NS_ASSERTIONS = NO;
				ENABLE_STRICT_OBJC_MSGSEND = YES;
				GCC_C_LANGUAGE_STANDARD = gnu11;
				GCC_NO_COMMON_BLOCKS = YES;
				GCC_WARN_64_TO_32_BIT_CONVERSION = YES;
				GCC_WARN_ABOUT_RETURN_TYPE = YES_ERROR;
				GCC_WARN_UNDECLARED_SELECTOR = YES;
				GCC_WARN_UNINITIALIZED_AUTOS = YES_AGGRESSIVE;
				GCC_WARN_UNUSED_FUNCTION = YES;
				GCC_WARN_UNUSED_VARIABLE = YES;
				IPHONEOS_DEPLOYMENT_TARGET = 14.1;
				MTL_ENABLE_DEBUG_INFO = NO;
				MTL_FAST_MATH = YES;
				SDKROOT = iphoneos;
				VALIDATE_PRODUCT = YES;
			};
			name = Release;
		};
		4C57BF9E256F54150033E319 /* Debug */ = {
			isa = XCBuildConfiguration;
			buildSettings = {
				ASSETCATALOG_COMPILER_APPICON_NAME = AppIcon;
				ASSETCATALOG_COMPILER_GLOBAL_ACCENT_COLOR_NAME = AccentColor;
				CODE_SIGN_STYLE = Automatic;
				DEVELOPMENT_TEAM = 3ZPP94SLYH;
				INFOPLIST_FILE = WDJPEGEncoder/Info.plist;
				IPHONEOS_DEPLOYMENT_TARGET = 11.4;
				LD_RUNPATH_SEARCH_PATHS = (
					"$(inherited)",
					"@executable_path/Frameworks",
				);
				PRODUCT_BUNDLE_IDENTIFIER = hetao101.WDJPEGEncoder.com.WDJPEGEncoder;
				PRODUCT_NAME = "$(TARGET_NAME)";
				TARGETED_DEVICE_FAMILY = "1,2";
			};
			name = Debug;
		};
		4C57BF9F256F54150033E319 /* Release */ = {
			isa = XCBuildConfiguration;
			buildSettings = {
				ASSETCATALOG_COMPILER_APPICON_NAME = AppIcon;
				ASSETCATALOG_COMPILER_GLOBAL_ACCENT_COLOR_NAME = AccentColor;
				CODE_SIGN_STYLE = Automatic;
				DEVELOPMENT_TEAM = 3ZPP94SLYH;
				INFOPLIST_FILE = WDJPEGEncoder/Info.plist;
				IPHONEOS_DEPLOYMENT_TARGET = 11.4;
				LD_RUNPATH_SEARCH_PATHS = (
					"$(inherited)",
					"@executable_path/Frameworks",
				);
				PRODUCT_BUNDLE_IDENTIFIER = hetao101.WDJPEGEncoder.com.WDJPEGEncoder;
				PRODUCT_NAME = "$(TARGET_NAME)";
				TARGETED_DEVICE_FAMILY = "1,2";
			};
			name = Release;
		};
		4C57BFA1256F54150033E319 /* Debug */ = {
			isa = XCBuildConfiguration;
			buildSettings = {
				BUNDLE_LOADER = "$(TEST_HOST)";
				CODE_SIGN_STYLE = Automatic;
				DEVELOPMENT_TEAM = 3ZPP94SLYH;
				INFOPLIST_FILE = WDJPEGEncoderTests/Info.plist;
				IPHONEOS_DEPLOYMENT_TARGET = 14.1;
				LD_RUNPATH_SEARCH_PATHS = (
					"$(inherited)",
					"@executable_path/Frameworks",
					"@loader_path/Frameworks",
				);
				PRODUCT_BUNDLE_IDENTIFIER = hetao101.WDJPEGEncoder.com.WDJPEGEncoderTests;
				PRODUCT_NAME = "$(TARGET_NAME)";
				TARGETED_DEVICE_FAMILY = "1,2";
				TEST_HOST = "$(BUILT_PRODUCTS_DIR)/WDJPEGEncoder.app/WDJPEGEncoder";
			};
			name = Debug;
		};
		4C57BFA2256F54150033E319 /* Release */ = {
			isa = XCBuildConfiguration;
			buildSettings = {
				BUNDLE_LOADER = "$(TEST_HOST)";
				CODE_SIGN_STYLE = Automatic;
				DEVELOPMENT_TEAM = 3ZPP94SLYH;
				INFOPLIST_FILE = WDJPEGEncoderTests/Info.plist;
				IPHONEOS_DEPLOYMENT_TARGET = 14.1;
				LD_RUNPATH_SEARCH_PATHS = (
					"$(inherited)",
					"@executable_path/Frameworks",
					"@loader_path/Frameworks",
				);
				PRODUCT_BUNDLE_IDENTIFIER = hetao101.WDJPEGEncoder.com.WDJPEGEncoderTests;
				PRODUCT_NAME = "$(TARGET_NAME)";
				TARGETED_DEVICE_FAMILY = "1,2";
				TEST_HOST = "$(BUILT_PRODUCTS_DIR)/WDJPEGEncoder.app/WDJPEGEncoder";
			};
			name = Release;
		};
		4C57BFA4256F54150033E319 /* Debug */ = {
			isa = XCBuildConfiguration;
			buildSettings = {
				CODE_SIGN_STYLE = Automatic;
				DEVELOPMENT_TEAM = 3ZPP94SLYH;
				INFOPLIST_FILE = WDJPEGEncoderUITests/Info.plist;
				LD_RUNPATH_SEARCH_PATHS = (
					"$(inherited)",
					"@executable_path/Frameworks",
					"@loader_path/Frameworks",
				);
				PRODUCT_BUNDLE_IDENTIFIER = hetao101.WDJPEGEncoder.com.WDJPEGEncoderUITests;
				PRODUCT_NAME = "$(TARGET_NAME)";
				TARGETED_DEVICE_FAMILY = "1,2";
				TEST_TARGET_NAME = WDJPEGEncoder;
			};
			name = Debug;
		};
		4C57BFA5256F54150033E319 /* Release */ = {
			isa = XCBuildConfiguration;
			buildSettings = {
				CODE_SIGN_STYLE = Automatic;
				DEVELOPMENT_TEAM = 3ZPP94SLYH;
				INFOPLIST_FILE = WDJPEGEncoderUITests/Info.plist;
				LD_RUNPATH_SEARCH_PATHS = (
					"$(inherited)",
					"@executable_path/Frameworks",
					"@loader_path/Frameworks",
				);
				PRODUCT_BUNDLE_IDENTIFIER = hetao101.WDJPEGEncoder.com.WDJPEGEncoderUITests;
				PRODUCT_NAME = "$(TARGET_NAME)";
				TARGETED_DEVICE_FAMILY = "1,2";
				TEST_TARGET_NAME = WDJPEGEncoder;
			};
			name = Release;
		};
/* End XCBuildConfiguration section */

/* Begin XCConfigurationList section */
		4C57BF69256F54120033E319 /* Build configuration list for PBXProject "WDJPEGEncoder" */ = {
			isa = XCConfigurationList;
			buildConfigurations = (
				4C57BF9B256F54150033E319 /* Debug */,
				4C57BF9C256F54150033E319 /* Release */,
			);
			defaultConfigurationIsVisible = 0;
			defaultConfigurationName = Release;
		};
		4C57BF9D256F54150033E319 /* Build configuration list for PBXNativeTarget "WDJPEGEncoder" */ = {
			isa = XCConfigurationList;
			buildConfigurations = (
				4C57BF9E256F54150033E319 /* Debug */,
				4C57BF9F256F54150033E319 /* Release */,
			);
			defaultConfigurationIsVisible = 0;
			defaultConfigurationName = Release;
		};
		4C57BFA0256F54150033E319 /* Build configuration list for PBXNativeTarget "WDJPEGEncoderTests" */ = {
			isa = XCConfigurationList;
			buildConfigurations = (
				4C57BFA1256F54150033E319 /* Debug */,
				4C57BFA2256F54150033E319 /* Release */,
			);
			defaultConfigurationIsVisible = 0;
			defaultConfigurationName = Release;
		};
		4C57BFA3256F54150033E319 /* Build configuration list for PBXNativeTarget "WDJPEGEncoderUITests" */ = {
			isa = XCConfigurationList;
			buildConfigurations = (
				4C57BFA4256F54150033E319 /* Debug */,
				4C57BFA5256F54150033E319 /* Release */,
			);
			defaultConfigurationIsVisible = 0;
			defaultConfigurationName = Release;
		};
/* End XCConfigurationList section */
	};
	rootObject = 4C57BF66256F54120033E319 /* Project object */;
}
